
Microsoft Visual Studio Solution File, Format Version 12.00
# Visual Studio 15
VisualStudioVersion = 15.0.28307.271
MinimumVisualStudioVersion = 10.0.40219.1
Project("{9A19103F-16F7-4668-BE54-9A1E7A4F7556}") = "RabbitAlerts", "RabbitAlerts\RabbitAlerts.csproj", "{CE2F95FF-F596-4799-9B76-1BD90D618020}"
EndProject
Project("{2150E333-8FDC-42A3-9474-1A3956D46DE8}") = "Solution Items", "Solution Items", "{F959B415-4D3D-4F18-BD4E-35207D727C46}"
	ProjectSection(SolutionItems) = preProject
		build-and-publish.sh = build-and-publish.sh
		Dockerfile = Dockerfile
	EndProjectSection
EndProject
Global
	GlobalSection(SolutionConfigurationPlatforms) = preSolution
		Debug|Any CPU = Debug|Any CPU
		Release|Any CPU = Release|Any CPU
	EndGlobalSection
	GlobalSection(ProjectConfigurationPlatforms) = postSolution
		{CE2F95FF-F596-4799-9B76-1BD90D618020}.Debug|Any CPU.ActiveCfg = Debug|Any CPU
		{CE2F95FF-F596-4799-9B76-1BD90D618020}.Debug|Any CPU.Build.0 = Debug|Any CPU
		{CE2F95FF-F596-4799-9B76-1BD90D618020}.Release|Any CPU.ActiveCfg = Release|Any CPU
		{CE2F95FF-F596-4799-9B76-1BD90D618020}.Release|Any CPU.Build.0 = Release|Any CPU
	EndGlobalSection
	GlobalSection(SolutionProperties) = preSolution
		HideSolutionNode = FALSE
	EndGlobalSection
	GlobalSection(ExtensibilityGlobals) = postSolution
		SolutionGuid = {6ADF20B8-11DE-4F08-9801-787ED58197C0}
	EndGlobalSection
EndGlobal
